Microsoft Visual Studio Solution File, Format Version 12.00

Project("{FAE04EC0-301F-11D3-BF4B-00C04F79EFBC}") = "Goblin.Core", "Goblin.Core\Goblin.Core.csproj", "{4BAB0AF4-A76D-4560-8CE0-6A4E373C3C1F}"
EndProject

Project("{FAE04EC0-301F-11D3-BF4B-00C04F79EFBC}") = "Goblin.Core.Web", "Goblin.Core.Web\Goblin.Core.Web.csproj", "{12732219-93A2-4206-91C9-02AE9D0AC59A}"
EndProject

Global
	GlobalSection(SolutionConfigurationPlatforms) = preSolution
		Debug|Any CPU = Debug|Any CPU
		Release|Any CPU = Release|Any CPU
	EndGlobalSection
	GlobalSection(ProjectConfigurationPlatforms) = postSolution
		{4BAB0AF4-A76D-4560-8CE0-6A4E373C3C1F}.Debug|Any CPU.ActiveCfg = Debug|Any CPU
		{4BAB0AF4-A76D-4560-8CE0-6A4E373C3C1F}.Debug|Any CPU.Build.0 = Debug|Any CPU
		{4BAB0AF4-A76D-4560-8CE0-6A4E373C3C1F}.Release|Any CPU.ActiveCfg = Release|Any CPU
		{4BAB0AF4-A76D-4560-8CE0-6A4E373C3C1F}.Release|Any CPU.Build.0 = Release|Any CPU
		{12732219-93A2-4206-91C9-02AE9D0AC59A}.Debug|Any CPU.ActiveCfg = Debug|Any CPU
		{12732219-93A2-4206-91C9-02AE9D0AC59A}.Debug|Any CPU.Build.0 = Debug|Any CPU
		{12732219-93A2-4206-91C9-02AE9D0AC59A}.Release|Any CPU.ActiveCfg = Release|Any CPU
		{12732219-93A2-4206-91C9-02AE9D0AC59A}.Release|Any CPU.Build.0 = Release|Any CPU
	EndGlobalSection
	GlobalSection(NestedProjects) = preSolution
	EndGlobalSection
EndGlobal
